# This file is automatically @generated by Poetry 1.8.3 and should not be changed by hand.

[[package]]
name = "cognitive-complexity"
version = "1.3.0"
description = "Library to calculate Python functions cognitive complexity via code"
optional = false
python-versions = ">=3.6"
files = [
    {file = "cognitive_complexity-1.3.0.tar.gz", hash = "sha256:a0cfbd47dee0b19f4056f892389f501694b205c3af69fb703cc744541e03dde5"},
]

[package.dependencies]
setuptools = "*"

[[package]]
name = "colorama"
version = "0.4.6"
description = "Cross-platform colored terminal text."
optional = false
python-versions = "!=3.0.*,!=3.1.*,!=3.2.*,!=3.3.*,!=3.4.*,!=3.5.*,!=3.6.*,>=2.7"
files = [
    {file = "colorama-0.4.6-py2.py3-none-any.whl", hash = "sha256:4f1d9991f5acc0ca119f9d443620b77f9d6b33703e51011c16baf57afb285fc6"},
    {file = "colorama-0.4.6.tar.gz", hash = "sha256:08695f5cb7ed6e0531a20572697297273c47b8cae5a63ffc6d6ed5c201be6e44"},
]

[[package]]
name = "exceptiongroup"
version = "1.2.2"
description = "Backport of PEP 654 (exception groups)"
optional = false
python-versions = ">=3.7"
files = [
    {file = "exceptiongroup-1.2.2-py3-none-any.whl", hash = "sha256:3111b9d131c238bec2f8f516e123e14ba243563fb135d3fe885990585aa7795b"},
    {file = "exceptiongroup-1.2.2.tar.gz", hash = "sha256:47c2edf7c6738fafb49fd34290706d1a1a2f4d1c6df275526b62cbb4aa5393cc"},
]

[package.extras]
test = ["pytest (>=6)"]

[[package]]
name = "flake8"
version = "6.1.0"
description = "the modular source code checker: pep8 pyflakes and co"
optional = false
python-versions = ">=3.8.1"
files = [
    {file = "flake8-6.1.0-py2.py3-none-any.whl", hash = "sha256:ffdfce58ea94c6580c77888a86506937f9a1a227dfcd15f245d694ae20a6b6e5"},
    {file = "flake8-6.1.0.tar.gz", hash = "sha256:d5b3857f07c030bdb5bf41c7f53799571d75c4491748a3adcd47de929e34cd23"},
]

[package.dependencies]
mccabe = ">=0.7.0,<0.8.0"
pycodestyle = ">=2.11.0,<2.12.0"
pyflakes = ">=3.1.0,<3.2.0"

[[package]]
name = "flake8-cognitive-complexity"
version = "0.1.0"
description = "An extension for flake8 that validates cognitive functions complexity"
optional = false
python-versions = ">=3.6"
files = [
    {file = "flake8_cognitive_complexity-0.1.0.tar.gz", hash = "sha256:f202df054e4f6ff182b659c261922b9c684628a47beb19cb0973c50d6a7831c1"},
]

[package.dependencies]
cognitive_complexity = "*"
setuptools = "*"

[[package]]
name = "flake8-fixme"
version = "1.1.1"
description = "Check for FIXME, TODO and other temporary developer notes. Plugin for flake8."
optional = false
python-versions = "*"
files = [
    {file = "flake8-fixme-1.1.1.tar.gz", hash = "sha256:50cade07d27a4c30d4f12351478df87339e67640c83041b664724bda6d16f33a"},
    {file = "flake8_fixme-1.1.1-py2.py3-none-any.whl", hash = "sha256:226a6f2ef916730899f29ac140bed5d4a17e5aba79f00a0e3ae1eff1997cb1ac"},
]

[[package]]
name = "flake8-plugin-utils"
version = "1.3.3"
description = "The package provides base classes and utils for flake8 plugin writing"
optional = false
python-versions = ">=3.6,<4.0"
files = [
    {file = "flake8-plugin-utils-1.3.3.tar.gz", hash = "sha256:39f6f338d038b301c6fd344b06f2e81e382b68fa03c0560dff0d9b1791a11a2c"},
    {file = "flake8_plugin_utils-1.3.3-py3-none-any.whl", hash = "sha256:e4848c57d9d50f19100c2d75fa794b72df068666a9041b4b0409be923356a3ed"},
]

[[package]]
name = "flake8-pytest-style"
version = "1.7.2"
description = "A flake8 plugin checking common style issues or inconsistencies with pytest-based tests."
optional = false
python-versions = ">=3.7.2,<4.0.0"
files = [
    {file = "flake8_pytest_style-1.7.2-py3-none-any.whl", hash = "sha256:f5d2aa3219163a052dd92226589d45fab8ea027a3269922f0c4029f548ea5cd1"},
    {file = "flake8_pytest_style-1.7.2.tar.gz", hash = "sha256:b924197c99b951315949920b0e5547f34900b1844348432e67a44ab191582109"},
]

[package.dependencies]
flake8-plugin-utils = ">=1.3.2,<2.0.0"

[[package]]
name = "iniconfig"
version = "2.0.0"
description = "brain-dead simple config-ini parsing"
optional = false
python-versions = ">=3.7"
files = [
    {file = "iniconfig-2.0.0-py3-none-any.whl", hash = "sha256:b6a85871a79d2e3b22d2d1b94ac2824226a63c6b741c88f7ae975f18b6778374"},
    {file = "iniconfig-2.0.0.tar.gz", hash = "sha256:2d91e135bf72d31a410b17c16da610a82cb55f6b0477d1a902134b24a455b8b3"},
]

[[package]]
name = "mccabe"
version = "0.7.0"
description = "McCabe checker, plugin for flake8"
optional = false
python-versions = ">=3.6"
files = [
    {file = "mccabe-0.7.0-py2.py3-none-any.whl", hash = "sha256:6c2d30ab6be0e4a46919781807b4f0d834ebdd6c6e3dca0bda5a15f863427b6e"},
    {file = "mccabe-0.7.0.tar.gz", hash = "sha256:348e0240c33b60bbdf4e523192ef919f28cb2c3d7d5c7794f74009290f236325"},
]

[[package]]
name = "packaging"
version = "24.1"
description = "Core utilities for Python packages"
optional = false
python-versions = ">=3.8"
files = [
    {file = "packaging-24.1-py3-none-any.whl", hash = "sha256:5b8f2217dbdbd2f7f384c41c628544e6d52f2d0f53c6d0c3ea61aa5d1d7ff124"},
    {file = "packaging-24.1.tar.gz", hash = "sha256:026ed72c8ed3fcce5bf8950572258698927fd1dbda10a5e981cdf0ac37f4f002"},
]

[[package]]
name = "pip-licenses"
version = "5.0.0"
description = "Dump the software license list of Python packages installed with pip."
optional = false
python-versions = ">=3.9"
files = [
    {file = "pip_licenses-5.0.0-py3-none-any.whl", hash = "sha256:82c83666753efb86d1af1c405c8ab273413eb10d6689c218df2f09acf40e477d"},
    {file = "pip_licenses-5.0.0.tar.gz", hash = "sha256:0633a1f9aab58e5a6216931b0e1d5cdded8bcc2709ff563674eb0e2ff9e77e8e"},
]

[package.dependencies]
prettytable = ">=2.3.0"
tomli = ">=2"

[package.extras]
dev = ["autopep8", "black", "docutils", "isort", "mypy", "pip-tools", "pypandoc", "pytest-cov", "pytest-pycodestyle", "pytest-runner", "tomli-w", "twine", "wheel"]

[[package]]
name = "pluggy"
version = "1.5.0"
description = "plugin and hook calling mechanisms for python"
optional = false
python-versions = ">=3.8"
files = [
    {file = "pluggy-1.5.0-py3-none-any.whl", hash = "sha256:44e1ad92c8ca002de6377e165f3e0f1be63266ab4d554740532335b9d75ea669"},
    {file = "pluggy-1.5.0.tar.gz", hash = "sha256:2cffa88e94fdc978c4c574f15f9e59b7f4201d439195c3715ca9e2486f1d0cf1"},
]

[package.extras]
dev = ["pre-commit", "tox"]
testing = ["pytest", "pytest-benchmark"]

[[package]]
name = "prettytable"
version = "3.10.2"
description = "A simple Python library for easily displaying tabular data in a visually appealing ASCII table format"
optional = false
python-versions = ">=3.8"
files = [
    {file = "prettytable-3.10.2-py3-none-any.whl", hash = "sha256:1cbfdeb4bcc73976a778a0fb33cb6d752e75396f16574dcb3e2d6332fd93c76a"},
    {file = "prettytable-3.10.2.tar.gz", hash = "sha256:29ec6c34260191d42cd4928c28d56adec360ac2b1208a26c7e4f14b90cc8bc84"},
]

[package.dependencies]
wcwidth = "*"

[package.extras]
tests = ["pytest", "pytest-cov", "pytest-lazy-fixtures"]

[[package]]
name = "pycodestyle"
version = "2.11.1"
description = "Python style guide checker"
optional = false
python-versions = ">=3.8"
files = [
    {file = "pycodestyle-2.11.1-py2.py3-none-any.whl", hash = "sha256:44fe31000b2d866f2e41841b18528a505fbd7fef9017b04eff4e2648a0fadc67"},
    {file = "pycodestyle-2.11.1.tar.gz", hash = "sha256:41ba0e7afc9752dfb53ced5489e89f8186be00e599e712660695b7a75ff2663f"},
]

[[package]]
name = "pyflakes"
version = "3.1.0"
description = "passive checker of Python programs"
optional = false
python-versions = ">=3.8"
files = [
    {file = "pyflakes-3.1.0-py2.py3-none-any.whl", hash = "sha256:4132f6d49cb4dae6819e5379898f2b8cce3c5f23994194c24b77d5da2e36f774"},
    {file = "pyflakes-3.1.0.tar.gz", hash = "sha256:a0aae034c444db0071aa077972ba4768d40c830d9539fd45bf4cd3f8f6992efc"},
]

[[package]]
name = "pytest"
version = "7.4.4"
description = "pytest: simple powerful testing with Python"
optional = false
python-versions = ">=3.7"
files = [
    {file = "pytest-7.4.4-py3-none-any.whl", hash = "sha256:b090cdf5ed60bf4c45261be03239c2c1c22df034fbffe691abe93cd80cea01d8"},
    {file = "pytest-7.4.4.tar.gz", hash = "sha256:2cf0005922c6ace4a3e2ec8b4080eb0d9753fdc93107415332f50ce9e7994280"},
]

[package.dependencies]
colorama = {version = "*", markers = "sys_platform == \"win32\""}
exceptiongroup = {version = ">=1.0.0rc8", markers = "python_version < \"3.11\""}
iniconfig = "*"
packaging = "*"
pluggy = ">=0.12,<2.0"
tomli = {version = ">=1.0.0", markers = "python_version < \"3.11\""}

[package.extras]
testing = ["argcomplete", "attrs (>=19.2.0)", "hypothesis (>=3.56)", "mock", "nose", "pygments (>=2.7.2)", "requests", "setuptools", "xmlschema"]

[[package]]
name = "pytest-datafiles"
version = "3.0.0"
description = "py.test plugin to create a 'tmp_path' containing predefined files/directories."
optional = false
python-versions = "*"
files = [
    {file = "pytest-datafiles-3.0.0.tar.gz", hash = "sha256:a70c4c66a36d1cdcfc095607f04eee66eaef3fa64cbb62d60c47ce169901d1d4"},
    {file = "pytest_datafiles-3.0.0-py2.py3-none-any.whl", hash = "sha256:2176e10d3f6e76f358925a897e21e2bcc5a0170b92fac4e66ed055eaa2ca6a22"},
]

[package.dependencies]
pytest = ">=3.6"

[[package]]
name = "setuptools"
version = "72.1.0"
description = "Easily download, build, install, upgrade, and uninstall Python packages"
optional = false
python-versions = ">=3.8"
files = [
    {file = "setuptools-72.1.0-py3-none-any.whl", hash = "sha256:5a03e1860cf56bb6ef48ce186b0e557fdba433237481a9a625176c2831be15d1"},
    {file = "setuptools-72.1.0.tar.gz", hash = "sha256:8d243eff56d095e5817f796ede6ae32941278f542e0f941867cc05ae52b162ec"},
]

[package.extras]
core = ["importlib-metadata (>=6)", "importlib-resources (>=5.10.2)", "jaraco.text (>=3.7)", "more-itertools (>=8.8)", "ordered-set (>=3.1.1)", "packaging (>=24)", "platformdirs (>=2.6.2)", "tomli (>=2.0.1)", "wheel (>=0.43.0)"]
doc = ["furo", "jaraco.packaging (>=9.3)", "jaraco.tidelift (>=1.4)", "pygments-github-lexers (==0.0.5)", "pyproject-hooks (!=1.1)", "rst.linker (>=1.9)", "sphinx (>=3.5)", "sphinx-favicon", "sphinx-inline-tabs", "sphinx-lint", "sphinx-notfound-page (>=1,<2)", "sphinx-reredirects", "sphinxcontrib-towncrier"]
test = ["build[virtualenv] (>=1.0.3)", "filelock (>=3.4.0)", "importlib-metadata", "ini2toml[lite] (>=0.14)", "jaraco.develop (>=7.21)", "jaraco.envs (>=2.2)", "jaraco.path (>=3.2.0)", "jaraco.test", "mypy (==1.11.*)", "packaging (>=23.2)", "pip (>=19.1)", "pyproject-hooks (!=1.1)", "pytest (>=6,!=8.1.*)", "pytest-checkdocs (>=2.4)", "pytest-cov", "pytest-enabler (>=2.2)", "pytest-home (>=0.5)", "pytest-mypy", "pytest-perf", "pytest-ruff (<0.4)", "pytest-ruff (>=0.2.1)", "pytest-ruff (>=0.3.2)", "pytest-subprocess", "pytest-timeout", "pytest-xdist (>=3)", "tomli", "tomli-w (>=1.0.0)", "virtualenv (>=13.0.0)", "wheel"]

[[package]]
name = "tomli"
version = "2.0.1"
description = "A lil' TOML parser"
optional = false
python-versions = ">=3.7"
files = [
    {file = "tomli-2.0.1-py3-none-any.whl", hash = "sha256:939de3e7a6161af0c887ef91b7d41a53e7c5a1ca976325f429cb46ea9bc30ecc"},
    {file = "tomli-2.0.1.tar.gz", hash = "sha256:de526c12914f0c550d15924c62d72abc48d6fe7364aa87328337a31007fe8a4f"},
]

[[package]]
name = "wcwidth"
version = "0.2.13"
description = "Measures the displayed width of unicode strings in a terminal"
optional = false
python-versions = "*"
files = [
    {file = "wcwidth-0.2.13-py2.py3-none-any.whl", hash = "sha256:3da69048e4540d84af32131829ff948f1e022c1c6bdb8d6102117aac784f6859"},
    {file = "wcwidth-0.2.13.tar.gz", hash = "sha256:72ea0c06399eb286d978fdedb6923a9eb47e1c486ce63e9b4e64fc18303972b5"},
]

[metadata]
lock-version = "2.0"
python-versions = "^3.10"
content-hash = "cee83da0717bc3c5bc1f1dfc9479f699e0d93f997decddb3128028c83464b1b3"
